
Microsoft Visual Studio Solution File, Format Version 12.00
# Visual Studio 15
VisualStudioVersion = 15.0.28307.852
MinimumVisualStudioVersion = 10.0.40219.1
Project("{FAE04EC0-301F-11D3-BF4B-00C04F79EFBC}") = "RSAalgorithm", "RSAalgorithm\RSAalgorithm.csproj", "{249D82BE-5FC3-4FDC-AFA1-1BB9AC52B7EB}"
EndProject
Global
	GlobalSection(SolutionConfigurationPlatforms) = preSolution
		Debug|Any CPU = Debug|Any CPU
		Release|Any CPU = Release|Any CPU
	EndGlobalSection
	GlobalSection(ProjectConfigurationPlatforms) = postSolution
		{249D82BE-5FC3-4FDC-AFA1-1BB9AC52B7EB}.Debug|Any CPU.ActiveCfg = Debug|Any CPU
		{249D82BE-5FC3-4FDC-AFA1-1BB9AC52B7EB}.Debug|Any CPU.Build.0 = Debug|Any CPU
		{249D82BE-5FC3-4FDC-AFA1-1BB9AC52B7EB}.Release|Any CPU.ActiveCfg = Release|Any CPU
		{249D82BE-5FC3-4FDC-AFA1-1BB9AC52B7EB}.Release|Any CPU.Build.0 = Release|Any CPU
	EndGlobalSection
	GlobalSection(SolutionProperties) = preSolution
		HideSolutionNode = FALSE
	EndGlobalSection
	GlobalSection(ExtensibilityGlobals) = postSolution
		SolutionGuid = {34869EDF-AF1A-4C65-9801-8200EA5795B9}
	EndGlobalSection
EndGlobal
